
Microsoft Visual Studio Solution File, Format Version 12.00
# Visual Studio 2017
Project("{FAE04EC0-301F-11D3-BF4B-00C04F79EFBC}") = "ProFitAR", "ProFitAR.csproj", "{6DDE531B-3D1B-5209-2544-D3C516B4C16A}"
EndProject
Project("{FAE04EC0-301F-11D3-BF4B-00C04F79EFBC}") = "ProFitAR.Editor", "ProFitAR.Editor.csproj", "{7338AB2E-1FEE-03F9-7C16-9D0B148BADB8}"
EndProject
Global
	GlobalSection(SolutionConfigurationPlatforms) = preSolution
		Debug|Any CPU = Debug|Any CPU
		Release|Any CPU = Release|Any CPU
	EndGlobalSection
	GlobalSection(ProjectConfigurationPlatforms) = postSolution
		{6DDE531B-3D1B-5209-2544-D3C516B4C16A}.Debug|Any CPU.ActiveCfg = Debug|Any CPU
		{6DDE531B-3D1B-5209-2544-D3C516B4C16A}.Debug|Any CPU.Build.0 = Debug|Any CPU
		{6DDE531B-3D1B-5209-2544-D3C516B4C16A}.Release|Any CPU.ActiveCfg = Release|Any CPU
		{6DDE531B-3D1B-5209-2544-D3C516B4C16A}.Release|Any CPU.Build.0 = Release|Any CPU
		{7338AB2E-1FEE-03F9-7C16-9D0B148BADB8}.Debug|Any CPU.ActiveCfg = Debug|Any CPU
		{7338AB2E-1FEE-03F9-7C16-9D0B148BADB8}.Debug|Any CPU.Build.0 = Debug|Any CPU
		{7338AB2E-1FEE-03F9-7C16-9D0B148BADB8}.Release|Any CPU.ActiveCfg = Release|Any CPU
		{7338AB2E-1FEE-03F9-7C16-9D0B148BADB8}.Release|Any CPU.Build.0 = Release|Any CPU
	EndGlobalSection
	GlobalSection(SolutionProperties) = preSolution
		HideSolutionNode = FALSE
	EndGlobalSection
EndGlobal
